
Microsoft Visual Studio Solution File, Format Version 12.00
# Visual Studio Version 17
VisualStudioVersion = 17.7.34202.233
MinimumVisualStudioVersion = 10.0.40219.1
Project("{9A19103F-16F7-4668-BE54-9A1E7A4F7556}") = "OBSApp", "OBSApp\OBSApp.csproj", "{AF6B98F4-CF23-401C-8558-52A9C73CF94C}"
EndProject
Global
	GlobalSection(SolutionConfigurationPlatforms) = preSolution
		Debug|Any CPU = Debug|Any CPU
		Release|Any CPU = Release|Any CPU
	EndGlobalSection
	GlobalSection(ProjectConfigurationPlatforms) = postSolution
		{AF6B98F4-CF23-401C-8558-52A9C73CF94C}.Debug|Any CPU.ActiveCfg = Debug|Any CPU
		{AF6B98F4-CF23-401C-8558-52A9C73CF94C}.Debug|Any CPU.Build.0 = Debug|Any CPU
		{AF6B98F4-CF23-401C-8558-52A9C73CF94C}.Release|Any CPU.ActiveCfg = Release|Any CPU
		{AF6B98F4-CF23-401C-8558-52A9C73CF94C}.Release|Any CPU.Build.0 = Release|Any CPU
	EndGlobalSection
	GlobalSection(SolutionProperties) = preSolution
		HideSolutionNode = FALSE
	EndGlobalSection
	GlobalSection(ExtensibilityGlobals) = postSolution
		SolutionGuid = {AD0700AD-E7AF-42CD-8F21-B92211606115}
	EndGlobalSection
EndGlobal
